
Microsoft Visual Studio Solution File, Format Version 11.00
# Visual Studio 2010
Project("{F184B08F-C81C-45F6-A57F-5ABD9991F28F}") = "HX_Messsage", "HX_Messsage\HX_Messsage.vbproj", "{64D34B98-E5EC-49F9-8118-5D23A5F53448}"
EndProject
Global
	GlobalSection(SolutionConfigurationPlatforms) = preSolution
		Debug|Any CPU = Debug|Any CPU
		Release|Any CPU = Release|Any CPU
	EndGlobalSection
	GlobalSection(ProjectConfigurationPlatforms) = postSolution
		{64D34B98-E5EC-49F9-8118-5D23A5F53448}.Debug|Any CPU.ActiveCfg = Debug|Any CPU
		{64D34B98-E5EC-49F9-8118-5D23A5F53448}.Debug|Any CPU.Build.0 = Debug|Any CPU
		{64D34B98-E5EC-49F9-8118-5D23A5F53448}.Release|Any CPU.ActiveCfg = Release|Any CPU
		{64D34B98-E5EC-49F9-8118-5D23A5F53448}.Release|Any CPU.Build.0 = Release|Any CPU
	EndGlobalSection
	GlobalSection(SolutionProperties) = preSolution
		HideSolutionNode = FALSE
	EndGlobalSection
EndGlobal
